
Microsoft Visual Studio Solution File, Format Version 12.00
# Visual Studio Version 17
VisualStudioVersion = 17.8.34511.84
MinimumVisualStudioVersion = 10.0.40219.1
Project("{9A19103F-16F7-4668-BE54-9A1E7A4F7556}") = "TodoApi", "TodoApi\TodoApi.csproj", "{2EB59224-0242-4656-BC37-6830EDA8530F}"
EndProject
Project("{9A19103F-16F7-4668-BE54-9A1E7A4F7556}") = "TodoApi.Tests", "TodoApi.Tests\TodoApi.Tests.csproj", "{8A82C956-F446-4AE4-A691-0D02ED1F0B9F}"
EndProject
Project("{E53339B2-1760-4266-BCC7-CA923CBCF16C}") = "docker-compose", "docker-compose.dcproj", "{5BE83928-F2AF-46CA-8DF5-1AF8C38F9123}"
EndProject
Global
	GlobalSection(SolutionConfigurationPlatforms) = preSolution
		Debug|Any CPU = Debug|Any CPU
		Release|Any CPU = Release|Any CPU
	EndGlobalSection
	GlobalSection(ProjectConfigurationPlatforms) = postSolution
		{2EB59224-0242-4656-BC37-6830EDA8530F}.Debug|Any CPU.ActiveCfg = Debug|Any CPU
		{2EB59224-0242-4656-BC37-6830EDA8530F}.Debug|Any CPU.Build.0 = Debug|Any CPU
		{2EB59224-0242-4656-BC37-6830EDA8530F}.Release|Any CPU.ActiveCfg = Release|Any CPU
		{2EB59224-0242-4656-BC37-6830EDA8530F}.Release|Any CPU.Build.0 = Release|Any CPU
		{8A82C956-F446-4AE4-A691-0D02ED1F0B9F}.Debug|Any CPU.ActiveCfg = Debug|Any CPU
		{8A82C956-F446-4AE4-A691-0D02ED1F0B9F}.Debug|Any CPU.Build.0 = Debug|Any CPU
		{8A82C956-F446-4AE4-A691-0D02ED1F0B9F}.Release|Any CPU.ActiveCfg = Release|Any CPU
		{8A82C956-F446-4AE4-A691-0D02ED1F0B9F}.Release|Any CPU.Build.0 = Release|Any CPU
		{5BE83928-F2AF-46CA-8DF5-1AF8C38F9123}.Debug|Any CPU.ActiveCfg = Debug|Any CPU
		{5BE83928-F2AF-46CA-8DF5-1AF8C38F9123}.Debug|Any CPU.Build.0 = Debug|Any CPU
		{5BE83928-F2AF-46CA-8DF5-1AF8C38F9123}.Release|Any CPU.ActiveCfg = Release|Any CPU
		{5BE83928-F2AF-46CA-8DF5-1AF8C38F9123}.Release|Any CPU.Build.0 = Release|Any CPU
	EndGlobalSection
	GlobalSection(SolutionProperties) = preSolution
		HideSolutionNode = FALSE
	EndGlobalSection
	GlobalSection(ExtensibilityGlobals) = postSolution
		SolutionGuid = {DB961299-707E-432F-BE61-91A0E213DEDE}
	EndGlobalSection
EndGlobal
